// !$*UTF8*$!
{
	archiveVersion = 1;
	classes = {
	};
	objectVersion = 55;
	objects = {

/* Begin PBXBuildFile section */
		2B14E69E27CE2BA90048502D /* Drawing_ioApp.swift in Sources */ = {isa = PBXBuildFile; fileRef = 2B14E69D27CE2BA90048502D /* Drawing_ioApp.swift */; };
		2B14E6A027CE2BA90048502D /* DrawingView.swift in Sources */ = {isa = PBXBuildFile; fileRef = 2B14E69F27CE2BA90048502D /* DrawingView.swift */; };
		2B14E6A227CE2BAB0048502D /* Assets.xcassets in Resources */ = {isa = PBXBuildFile; fileRef = 2B14E6A127CE2BAB0048502D /* Assets.xcassets */; };
		2B14E6A527CE2BAB0048502D /* Preview Assets.xcassets in Resources */ = {isa = PBXBuildFile; fileRef = 2B14E6A427CE2BAB0048502D /* Preview Assets.xcassets */; };
		2B14E6AC27CE2F900048502D /* ViewModel.swift in Sources */ = {isa = PBXBuildFile; fileRef = 2B14E6AB27CE2F900048502D /* ViewModel.swift */; };
		2B14E6AE27CE2F9C0048502D /* NetworkModel.swift in Sources */ = {isa = PBXBuildFile; fileRef = 2B14E6AD27CE2F9C0048502D /* NetworkModel.swift */; };
		2B6E9E5827D7696600B97936 /* MenuView.swift in Sources */ = {isa = PBXBuildFile; fileRef = 2B6E9E5727D7696600B97936 /* MenuView.swift */; };
		2B72598427E20F60000457DD /* DataModel.xcdatamodeld in Sources */ = {isa = PBXBuildFile; fileRef = 2B72598227E20F60000457DD /* DataModel.xcdatamodeld */; };
		2B7259BF27E33469000457DD /* SwiftUIView_BACKUP.swift in Sources */ = {isa = PBXBuildFile; fileRef = 2B7259BE27E33469000457DD /* SwiftUIView_BACKUP.swift */; };
		2B95DEB527D2723100DF0613 /* Canvas.swift in Sources */ = {isa = PBXBuildFile; fileRef = 2B95DEB327D2723100DF0613 /* Canvas.swift */; };
		2B95DEB827D2726500DF0613 /* DrawingViewController.swift in Sources */ = {isa = PBXBuildFile; fileRef = 2B95DEB727D2726500DF0613 /* DrawingViewController.swift */; };
		2BC7F06427E489A60028873F /* DatabaseController.swift in Sources */ = {isa = PBXBuildFile; fileRef = 2BC7F06327E489A60028873F /* DatabaseController.swift */; };
		2BC7F06727E4917C0028873F /* DatabaseModel.swift in Sources */ = {isa = PBXBuildFile; fileRef = 2BC7F06627E4917C0028873F /* DatabaseModel.swift */; };
		8531DF0827E234A500F107DE /* ScoreView.swift in Sources */ = {isa = PBXBuildFile; fileRef = 8531DF0727E234A500F107DE /* ScoreView.swift */; };
		8531DF0A27E74CAF00F107DE /* ConfettiView.swift in Sources */ = {isa = PBXBuildFile; fileRef = 8531DF0927E74CAF00F107DE /* ConfettiView.swift */; };
		85D348EC27D7822300FCDC10 /* GuessingView.swift in Sources */ = {isa = PBXBuildFile; fileRef = 85D348EB27D7822300FCDC10 /* GuessingView.swift */; };
/* End PBXBuildFile section */

/* Begin PBXFileReference section */
		2B14E69A27CE2BA90048502D /* Drawing.io.app */ = {isa = PBXFileReference; explicitFileType = wrapper.application; includeInIndex = 0; path = Drawing.io.app; sourceTree = BUILT_PRODUCTS_DIR; };
		2B14E69D27CE2BA90048502D /* Drawing_ioApp.swift */ = {isa = PBXFileReference; lastKnownFileType = sourcecode.swift; path = Drawing_ioApp.swift; sourceTree = "<group>"; };
		2B14E69F27CE2BA90048502D /* DrawingView.swift */ = {isa = PBXFileReference; lastKnownFileType = sourcecode.swift; path = DrawingView.swift; sourceTree = "<group>"; };
		2B14E6A127CE2BAB0048502D /* Assets.xcassets */ = {isa = PBXFileReference; lastKnownFileType = folder.assetcatalog; path = Assets.xcassets; sourceTree = "<group>"; };
		2B14E6A427CE2BAB0048502D /* Preview Assets.xcassets */ = {isa = PBXFileReference; lastKnownFileType = folder.assetcatalog; path = "Preview Assets.xcassets"; sourceTree = "<group>"; };
		2B14E6AB27CE2F900048502D /* ViewModel.swift */ = {isa = PBXFileReference; lastKnownFileType = sourcecode.swift; path = ViewModel.swift; sourceTree = "<group>"; };
		2B14E6AD27CE2F9C0048502D /* NetworkModel.swift */ = {isa = PBXFileReference; lastKnownFileType = sourcecode.swift; path = NetworkModel.swift; sourceTree = "<group>"; };
		2B6E9E5727D7696600B97936 /* MenuView.swift */ = {isa = PBXFileReference; lastKnownFileType = sourcecode.swift; path = MenuView.swift; sourceTree = "<group>"; };
		2B72598327E20F60000457DD /* DataModel.xcdatamodel */ = {isa = PBXFileReference; lastKnownFileType = wrapper.xcdatamodel; path = DataModel.xcdatamodel; sourceTree = "<group>"; };
		2B7259BE27E33469000457DD /* SwiftUIView_BACKUP.swift */ = {isa = PBXFileReference; lastKnownFileType = sourcecode.swift; path = SwiftUIView_BACKUP.swift; sourceTree = "<group>"; };
		2B95DEB327D2723100DF0613 /* Canvas.swift */ = {isa = PBXFileReference; fileEncoding = 4; lastKnownFileType = sourcecode.swift; path = Canvas.swift; sourceTree = "<group>"; };
		2B95DEB727D2726500DF0613 /* DrawingViewController.swift */ = {isa = PBXFileReference; lastKnownFileType = sourcecode.swift; path = DrawingViewController.swift; sourceTree = "<group>"; };
		2BC7F06327E489A60028873F /* DatabaseController.swift */ = {isa = PBXFileReference; lastKnownFileType = sourcecode.swift; path = DatabaseController.swift; sourceTree = "<group>"; };
		2BC7F06627E4917C0028873F /* DatabaseModel.swift */ = {isa = PBXFileReference; lastKnownFileType = sourcecode.swift; path = DatabaseModel.swift; sourceTree = "<group>"; };
		8531DF0727E234A500F107DE /* ScoreView.swift */ = {isa = PBXFileReference; lastKnownFileType = sourcecode.swift; path = ScoreView.swift; sourceTree = "<group>"; };
		8531DF0927E74CAF00F107DE /* ConfettiView.swift */ = {isa = PBXFileReference; lastKnownFileType = sourcecode.swift; path = ConfettiView.swift; sourceTree = "<group>"; };
		85D348EB27D7822300FCDC10 /* GuessingView.swift */ = {isa = PBXFileReference; lastKnownFileType = sourcecode.swift; path = GuessingView.swift; sourceTree = "<group>"; };
/* End PBXFileReference section */

/* Begin PBXFrameworksBuildPhase section */
		2B14E69727CE2BA90048502D /* Frameworks */ = {
			isa = PBXFrameworksBuildPhase;
			buildActionMask = 2147483647;
			files = (
			);
			runOnlyForDeploymentPostprocessing = 0;
		};
/* End PBXFrameworksBuildPhase section */

/* Begin PBXGroup section */
		2B14E69127CE2BA90048502D = {
			isa = PBXGroup;
			children = (
				2B14E69C27CE2BA90048502D /* Drawing.io */,
				2B14E69B27CE2BA90048502D /* Products */,
			);
			sourceTree = "<group>";
		};
		2B14E69B27CE2BA90048502D /* Products */ = {
			isa = PBXGroup;
			children = (
				2B14E69A27CE2BA90048502D /* Drawing.io.app */,
			);
			name = Products;
			sourceTree = "<group>";
		};
		2B14E69C27CE2BA90048502D /* Drawing.io */ = {
			isa = PBXGroup;
			children = (
				2BC7F06527E4916A0028873F /* Models */,
				85D348EF27D7931500FCDC10 /* Views */,
				2B7259BB27E212E4000457DD /* Database */,
				85D348F027D7934300FCDC10 /* PencilKit */,
				2B14E69D27CE2BA90048502D /* Drawing_ioApp.swift */,
				2B14E6AB27CE2F900048502D /* ViewModel.swift */,
				2B14E6A127CE2BAB0048502D /* Assets.xcassets */,
				2B14E6A327CE2BAB0048502D /* Preview Content */,
			);
			path = Drawing.io;
			sourceTree = "<group>";
		};
		2B14E6A327CE2BAB0048502D /* Preview Content */ = {
			isa = PBXGroup;
			children = (
				2B14E6A427CE2BAB0048502D /* Preview Assets.xcassets */,
			);
			path = "Preview Content";
			sourceTree = "<group>";
		};
		2B7259BB27E212E4000457DD /* Database */ = {
			isa = PBXGroup;
			children = (
				2B72598227E20F60000457DD /* DataModel.xcdatamodeld */,
				2BC7F06327E489A60028873F /* DatabaseController.swift */,
			);
			path = Database;
			sourceTree = "<group>";
		};
		2BC7F06527E4916A0028873F /* Models */ = {
			isa = PBXGroup;
			children = (
				2B14E6AD27CE2F9C0048502D /* NetworkModel.swift */,
				2BC7F06627E4917C0028873F /* DatabaseModel.swift */,
			);
			path = Models;
			sourceTree = "<group>";
		};
		85D348EF27D7931500FCDC10 /* Views */ = {
			isa = PBXGroup;
			children = (
				8531DF0927E74CAF00F107DE /* ConfettiView.swift */,
				2B6E9E5727D7696600B97936 /* MenuView.swift */,
				2B14E69F27CE2BA90048502D /* DrawingView.swift */,
				85D348EB27D7822300FCDC10 /* GuessingView.swift */,
				2B7259BE27E33469000457DD /* SwiftUIView_BACKUP.swift */,
				8531DF0727E234A500F107DE /* ScoreView.swift */,
			);
			path = Views;
			sourceTree = "<group>";
		};
		85D348F027D7934300FCDC10 /* PencilKit */ = {
			isa = PBXGroup;
			children = (
				2B95DEB727D2726500DF0613 /* DrawingViewController.swift */,
				2B95DEB327D2723100DF0613 /* Canvas.swift */,
			);
			path = PencilKit;
			sourceTree = "<group>";
		};
/* End PBXGroup section */

/* Begin PBXNativeTarget section */
		2B14E69927CE2BA90048502D /* Drawing.io */ = {
			isa = PBXNativeTarget;
			buildConfigurationList = 2B14E6A827CE2BAB0048502D /* Build configuration list for PBXNativeTarget "Drawing.io" */;
			buildPhases = (
				2B14E69627CE2BA90048502D /* Sources */,
				2B14E69727CE2BA90048502D /* Frameworks */,
				2B14E69827CE2BA90048502D /* Resources */,
			);
			buildRules = (
			);
			dependencies = (
			);
			name = Drawing.io;
			productName = Drawing.io;
			productReference = 2B14E69A27CE2BA90048502D /* Drawing.io.app */;
			productType = "com.apple.product-type.application";
		};
/* End PBXNativeTarget section */

/* Begin PBXProject section */
		2B14E69227CE2BA90048502D /* Project object */ = {
			isa = PBXProject;
			attributes = {
				BuildIndependentTargetsInParallel = 1;
				LastSwiftUpdateCheck = 1320;
				LastUpgradeCheck = 1320;
				TargetAttributes = {
					2B14E69927CE2BA90048502D = {
						CreatedOnToolsVersion = 13.2.1;
					};
				};
			};
			buildConfigurationList = 2B14E69527CE2BA90048502D /* Build configuration list for PBXProject "Drawing.io" */;
			compatibilityVersion = "Xcode 13.0";
			developmentRegion = en;
			hasScannedForEncodings = 0;
			knownRegions = (
				en,
				Base,
			);
			mainGroup = 2B14E69127CE2BA90048502D;
			productRefGroup = 2B14E69B27CE2BA90048502D /* Products */;
			projectDirPath = "";
			projectRoot = "";
			targets = (
				2B14E69927CE2BA90048502D /* Drawing.io */,
			);
		};
/* End PBXProject section */

/* Begin PBXResourcesBuildPhase section */
		2B14E69827CE2BA90048502D /* Resources */ = {
			isa = PBXResourcesBuildPhase;
			buildActionMask = 2147483647;
			files = (
				2B14E6A527CE2BAB0048502D /* Preview Assets.xcassets in Resources */,
				2B14E6A227CE2BAB0048502D /* Assets.xcassets in Resources */,
			);
			runOnlyForDeploymentPostprocessing = 0;
		};
/* End PBXResourcesBuildPhase section */

/* Begin PBXSourcesBuildPhase section */
		2B14E69627CE2BA90048502D /* Sources */ = {
			isa = PBXSourcesBuildPhase;
			buildActionMask = 2147483647;
			files = (
				2BC7F06727E4917C0028873F /* DatabaseModel.swift in Sources */,
				2B6E9E5827D7696600B97936 /* MenuView.swift in Sources */,
				2BC7F06427E489A60028873F /* DatabaseController.swift in Sources */,
				2B14E6A027CE2BA90048502D /* DrawingView.swift in Sources */,
				2B7259BF27E33469000457DD /* SwiftUIView_BACKUP.swift in Sources */,
				8531DF0827E234A500F107DE /* ScoreView.swift in Sources */,
				2B95DEB827D2726500DF0613 /* DrawingViewController.swift in Sources */,
				2B14E6AC27CE2F900048502D /* ViewModel.swift in Sources */,
				2B14E69E27CE2BA90048502D /* Drawing_ioApp.swift in Sources */,
				85D348EC27D7822300FCDC10 /* GuessingView.swift in Sources */,
				2B72598427E20F60000457DD /* DataModel.xcdatamodeld in Sources */,
				2B95DEB527D2723100DF0613 /* Canvas.swift in Sources */,
				2B14E6AE27CE2F9C0048502D /* NetworkModel.swift in Sources */,
				8531DF0A27E74CAF00F107DE /* ConfettiView.swift in Sources */,
				2B14E6AE27CE2F9C0048502D /* Model.swift in Sources */,
			);
			runOnlyForDeploymentPostprocessing = 0;
		};
/* End PBXSourcesBuildPhase section */

/* Begin XCBuildConfiguration section */
		2B14E6A627CE2BAB0048502D /* Debug */ = {
			isa = XCBuildConfiguration;
			buildSettings = {
				ALWAYS_SEARCH_USER_PATHS = NO;
				CLANG_ANALYZER_NONNULL = YES;
				CLANG_ANALYZER_NUMBER_OBJECT_CONVERSION = YES_AGGRESSIVE;
				CLANG_CXX_LANGUAGE_STANDARD = "gnu++17";
				CLANG_CXX_LIBRARY = "libc++";
				CLANG_ENABLE_MODULES = YES;
				CLANG_ENABLE_OBJC_ARC = YES;
				CLANG_ENABLE_OBJC_WEAK = YES;
				CLANG_WARN_BLOCK_CAPTURE_AUTORELEASING = YES;
				CLANG_WARN_BOOL_CONVERSION = YES;
				CLANG_WARN_COMMA = YES;
				CLANG_WARN_CONSTANT_CONVERSION = YES;
				CLANG_WARN_DEPRECATED_OBJC_IMPLEMENTATIONS = YES;
				CLANG_WARN_DIRECT_OBJC_ISA_USAGE = YES_ERROR;
				CLANG_WARN_DOCUMENTATION_COMMENTS = YES;
				CLANG_WARN_EMPTY_BODY = YES;
				CLANG_WARN_ENUM_CONVERSION = YES;
				CLANG_WARN_INFINITE_RECURSION = YES;
				CLANG_WARN_INT_CONVERSION = YES;
				CLANG_WARN_NON_LITERAL_NULL_CONVERSION = YES;
				CLANG_WARN_OBJC_IMPLICIT_RETAIN_SELF = YES;
				CLANG_WARN_OBJC_LITERAL_CONVERSION = YES;
				CLANG_WARN_OBJC_ROOT_CLASS = YES_ERROR;
				CLANG_WARN_QUOTED_INCLUDE_IN_FRAMEWORK_HEADER = YES;
				CLANG_WARN_RANGE_LOOP_ANALYSIS = YES;
				CLANG_WARN_STRICT_PROTOTYPES = YES;
				CLANG_WARN_SUSPICIOUS_MOVE = YES;
				CLANG_WARN_UNGUARDED_AVAILABILITY = YES_AGGRESSIVE;
				CLANG_WARN_UNREACHABLE_CODE = YES;
				CLANG_WARN__DUPLICATE_METHOD_MATCH = YES;
				COPY_PHASE_STRIP = NO;
				DEBUG_INFORMATION_FORMAT = dwarf;
				ENABLE_STRICT_OBJC_MSGSEND = YES;
				ENABLE_TESTABILITY = YES;
				GCC_C_LANGUAGE_STANDARD = gnu11;
				GCC_DYNAMIC_NO_PIC = NO;
				GCC_NO_COMMON_BLOCKS = YES;
				GCC_OPTIMIZATION_LEVEL = 0;
				GCC_PREPROCESSOR_DEFINITIONS = (
					"DEBUG=1",
					"$(inherited)",
				);
				GCC_WARN_64_TO_32_BIT_CONVERSION = YES;
				GCC_WARN_ABOUT_RETURN_TYPE = YES_ERROR;
				GCC_WARN_UNDECLARED_SELECTOR = YES;
				GCC_WARN_UNINITIALIZED_AUTOS = YES_AGGRESSIVE;
				GCC_WARN_UNUSED_FUNCTION = YES;
				GCC_WARN_UNUSED_VARIABLE = YES;
				IPHONEOS_DEPLOYMENT_TARGET = 15.2;
				MTL_ENABLE_DEBUG_INFO = INCLUDE_SOURCE;
				MTL_FAST_MATH = YES;
				ONLY_ACTIVE_ARCH = YES;
				SDKROOT = iphoneos;
				SWIFT_ACTIVE_COMPILATION_CONDITIONS = DEBUG;
				SWIFT_OPTIMIZATION_LEVEL = "-Onone";
			};
			name = Debug;
		};
		2B14E6A727CE2BAB0048502D /* Release */ = {
			isa = XCBuildConfiguration;
			buildSettings = {
				ALWAYS_SEARCH_USER_PATHS = NO;
				CLANG_ANALYZER_NONNULL = YES;
				CLANG_ANALYZER_NUMBER_OBJECT_CONVERSION = YES_AGGRESSIVE;
				CLANG_CXX_LANGUAGE_STANDARD = "gnu++17";
				CLANG_CXX_LIBRARY = "libc++";
				CLANG_ENABLE_MODULES = YES;
				CLANG_ENABLE_OBJC_ARC = YES;
				CLANG_ENABLE_OBJC_WEAK = YES;
				CLANG_WARN_BLOCK_CAPTURE_AUTORELEASING = YES;
				CLANG_WARN_BOOL_CONVERSION = YES;
				CLANG_WARN_COMMA = YES;
				CLANG_WARN_CONSTANT_CONVERSION = YES;
				CLANG_WARN_DEPRECATED_OBJC_IMPLEMENTATIONS = YES;
				CLANG_WARN_DIRECT_OBJC_ISA_USAGE = YES_ERROR;
				CLANG_WARN_DOCUMENTATION_COMMENTS = YES;
				CLANG_WARN_EMPTY_BODY = YES;
				CLANG_WARN_ENUM_CONVERSION = YES;
				CLANG_WARN_INFINITE_RECURSION = YES;
				CLANG_WARN_INT_CONVERSION = YES;
				CLANG_WARN_NON_LITERAL_NULL_CONVERSION = YES;
				CLANG_WARN_OBJC_IMPLICIT_RETAIN_SELF = YES;
				CLANG_WARN_OBJC_LITERAL_CONVERSION = YES;
				CLANG_WARN_OBJC_ROOT_CLASS = YES_ERROR;
				CLANG_WARN_QUOTED_INCLUDE_IN_FRAMEWORK_HEADER = YES;
				CLANG_WARN_RANGE_LOOP_ANALYSIS = YES;
				CLANG_WARN_STRICT_PROTOTYPES = YES;
				CLANG_WARN_SUSPICIOUS_MOVE = YES;
				CLANG_WARN_UNGUARDED_AVAILABILITY = YES_AGGRESSIVE;
				CLANG_WARN_UNREACHABLE_CODE = YES;
				CLANG_WARN__DUPLICATE_METHOD_MATCH = YES;
				COPY_PHASE_STRIP = NO;
				DEBUG_INFORMATION_FORMAT = "dwarf-with-dsym";
				ENABLE_NS_ASSERTIONS = NO;
				ENABLE_STRICT_OBJC_MSGSEND = YES;
				GCC_C_LANGUAGE_STANDARD = gnu11;
				GCC_NO_COMMON_BLOCKS = YES;
				GCC_WARN_64_TO_32_BIT_CONVERSION = YES;
				GCC_WARN_ABOUT_RETURN_TYPE = YES_ERROR;
				GCC_WARN_UNDECLARED_SELECTOR = YES;
				GCC_WARN_UNINITIALIZED_AUTOS = YES_AGGRESSIVE;
				GCC_WARN_UNUSED_FUNCTION = YES;
				GCC_WARN_UNUSED_VARIABLE = YES;
				IPHONEOS_DEPLOYMENT_TARGET = 15.2;
				MTL_ENABLE_DEBUG_INFO = NO;
				MTL_FAST_MATH = YES;
				SDKROOT = iphoneos;
				SWIFT_COMPILATION_MODE = wholemodule;
				SWIFT_OPTIMIZATION_LEVEL = "-O";
				VALIDATE_PRODUCT = YES;
			};
			name = Release;
		};
		2B14E6A927CE2BAB0048502D /* Debug */ = {
			isa = XCBuildConfiguration;
			buildSettings = {
				ASSETCATALOG_COMPILER_APPICON_NAME = AppIcon;
				ASSETCATALOG_COMPILER_GLOBAL_ACCENT_COLOR_NAME = AccentColor;
				CODE_SIGN_STYLE = Automatic;
				CURRENT_PROJECT_VERSION = 1;
				DEVELOPMENT_ASSET_PATHS = "\"Drawing.io/Preview Content\"";
				DEVELOPMENT_TEAM = WH76HMN937;
				ENABLE_PREVIEWS = YES;
				GENERATE_INFOPLIST_FILE = YES;
				INFOPLIST_KEY_UIApplicationSceneManifest_Generation = YES;
				INFOPLIST_KEY_UIApplicationSupportsIndirectInputEvents = YES;
				INFOPLIST_KEY_UILaunchScreen_Generation = YES;
				INFOPLIST_KEY_UISupportedInterfaceOrientations_iPad = "UIInterfaceOrientationPortrait UIInterfaceOrientationPortraitUpsideDown UIInterfaceOrientationLandscapeLeft UIInterfaceOrientationLandscapeRight";
				INFOPLIST_KEY_UISupportedInterfaceOrientations_iPhone = "UIInterfaceOrientationPortrait UIInterfaceOrientationLandscapeLeft UIInterfaceOrientationLandscapeRight";
				LD_RUNPATH_SEARCH_PATHS = (
					"$(inherited)",
					"@executable_path/Frameworks",
				);
				MARKETING_VERSION = 1.0;
				PRODUCT_BUNDLE_IDENTIFIER = "com.th-koeln.deimel.Drawing-io";
				PRODUCT_NAME = "$(TARGET_NAME)";
				SWIFT_EMIT_LOC_STRINGS = YES;
				SWIFT_VERSION = 5.0;
				TARGETED_DEVICE_FAMILY = "1,2";
			};
			name = Debug;
		};
		2B14E6AA27CE2BAB0048502D /* Release */ = {
			isa = XCBuildConfiguration;
			buildSettings = {
				ASSETCATALOG_COMPILER_APPICON_NAME = AppIcon;
				ASSETCATALOG_COMPILER_GLOBAL_ACCENT_COLOR_NAME = AccentColor;
				CODE_SIGN_STYLE = Automatic;
				CURRENT_PROJECT_VERSION = 1;
				DEVELOPMENT_ASSET_PATHS = "\"Drawing.io/Preview Content\"";
				DEVELOPMENT_TEAM = WH76HMN937;
				ENABLE_PREVIEWS = YES;
				GENERATE_INFOPLIST_FILE = YES;
				INFOPLIST_KEY_UIApplicationSceneManifest_Generation = YES;
				INFOPLIST_KEY_UIApplicationSupportsIndirectInputEvents = YES;
				INFOPLIST_KEY_UILaunchScreen_Generation = YES;
				INFOPLIST_KEY_UISupportedInterfaceOrientations_iPad = "UIInterfaceOrientationPortrait UIInterfaceOrientationPortraitUpsideDown UIInterfaceOrientationLandscapeLeft UIInterfaceOrientationLandscapeRight";
				INFOPLIST_KEY_UISupportedInterfaceOrientations_iPhone = "UIInterfaceOrientationPortrait UIInterfaceOrientationLandscapeLeft UIInterfaceOrientationLandscapeRight";
				LD_RUNPATH_SEARCH_PATHS = (
					"$(inherited)",
					"@executable_path/Frameworks",
				);
				MARKETING_VERSION = 1.0;
				PRODUCT_BUNDLE_IDENTIFIER = "com.th-koeln.deimel.Drawing-io";
				PRODUCT_NAME = "$(TARGET_NAME)";
				SWIFT_EMIT_LOC_STRINGS = YES;
				SWIFT_VERSION = 5.0;
				TARGETED_DEVICE_FAMILY = "1,2";
			};
			name = Release;
		};
/* End XCBuildConfiguration section */

/* Begin XCConfigurationList section */
		2B14E69527CE2BA90048502D /* Build configuration list for PBXProject "Drawing.io" */ = {
			isa = XCConfigurationList;
			buildConfigurations = (
				2B14E6A627CE2BAB0048502D /* Debug */,
				2B14E6A727CE2BAB0048502D /* Release */,
			);
			defaultConfigurationIsVisible = 0;
			defaultConfigurationName = Release;
		};
		2B14E6A827CE2BAB0048502D /* Build configuration list for PBXNativeTarget "Drawing.io" */ = {
			isa = XCConfigurationList;
			buildConfigurations = (
				2B14E6A927CE2BAB0048502D /* Debug */,
				2B14E6AA27CE2BAB0048502D /* Release */,
			);
			defaultConfigurationIsVisible = 0;
			defaultConfigurationName = Release;
		};
/* End XCConfigurationList section */

/* Begin XCVersionGroup section */
		2B72598227E20F60000457DD /* DataModel.xcdatamodeld */ = {
			isa = XCVersionGroup;
			children = (
				2B72598327E20F60000457DD /* DataModel.xcdatamodel */,
			);
			currentVersion = 2B72598327E20F60000457DD /* DataModel.xcdatamodel */;
			path = DataModel.xcdatamodeld;
			sourceTree = "<group>";
			versionGroupType = wrapper.xcdatamodel;
		};
/* End XCVersionGroup section */
	};
	rootObject = 2B14E69227CE2BA90048502D /* Project object */;
}
